
Microsoft Visual Studio Solution File, Format Version 12.00
# Visual Studio Version 17
VisualStudioVersion = 17.7.34018.315
MinimumVisualStudioVersion = 10.0.40219.1
Project("{FAE04EC0-301F-11D3-BF4B-00C04F79EFBC}") = "Facturatie", "Facturatie\Facturatie.csproj", "{49FA2F76-C8EA-445B-8C5B-002F5392E4D5}"
EndProject
Project("{FAE04EC0-301F-11D3-BF4B-00C04F79EFBC}") = "Facturatie.Shared", "Facturatie.Shared\Facturatie.Shared.csproj", "{4CC911ED-3C51-496D-B61E-80D1E7E7D777}"
EndProject
Global
	GlobalSection(SolutionConfigurationPlatforms) = preSolution
		Debug|Any CPU = Debug|Any CPU
		Release|Any CPU = Release|Any CPU
	EndGlobalSection
	GlobalSection(ProjectConfigurationPlatforms) = postSolution
		{49FA2F76-C8EA-445B-8C5B-002F5392E4D5}.Debug|Any CPU.ActiveCfg = Debug|Any CPU
		{49FA2F76-C8EA-445B-8C5B-002F5392E4D5}.Debug|Any CPU.Build.0 = Debug|Any CPU
		{49FA2F76-C8EA-445B-8C5B-002F5392E4D5}.Release|Any CPU.ActiveCfg = Release|Any CPU
		{49FA2F76-C8EA-445B-8C5B-002F5392E4D5}.Release|Any CPU.Build.0 = Release|Any CPU
		{4CC911ED-3C51-496D-B61E-80D1E7E7D777}.Debug|Any CPU.ActiveCfg = Debug|Any CPU
		{4CC911ED-3C51-496D-B61E-80D1E7E7D777}.Debug|Any CPU.Build.0 = Debug|Any CPU
		{4CC911ED-3C51-496D-B61E-80D1E7E7D777}.Release|Any CPU.ActiveCfg = Release|Any CPU
		{4CC911ED-3C51-496D-B61E-80D1E7E7D777}.Release|Any CPU.Build.0 = Release|Any CPU
	EndGlobalSection
	GlobalSection(SolutionProperties) = preSolution
		HideSolutionNode = FALSE
	EndGlobalSection
	GlobalSection(ExtensibilityGlobals) = postSolution
		SolutionGuid = {24F9E14A-D51C-4778-B6BD-34F9D712C2BF}
	EndGlobalSection
EndGlobal
